
Microsoft Visual Studio Solution File, Format Version 12.00
# Visual Studio 14
VisualStudioVersion = 14.0.25420.1
MinimumVisualStudioVersion = 10.0.40219.1
Project("{FAE04EC0-301F-11D3-BF4B-00C04F79EFBC}") = "BiometricFingerprintApp", "BiometricFingerprintApp\BiometricFingerprintApp.csproj", "{E9D4DB15-62A4-40EC-9C5D-DC59E0E422BC}"
EndProject
Project("{54435603-DBB4-11D2-8724-00A0C9A8B90C}") = "Exam Biometric Verification", "Exam Biometric Verification\Exam Biometric Verification.vdproj", "{15552458-9BF4-4D5F-8EEA-20F6A3AB3AB4}"
EndProject
Global
	GlobalSection(SolutionConfigurationPlatforms) = preSolution
		Debug|Any CPU = Debug|Any CPU
		Release|Any CPU = Release|Any CPU
	EndGlobalSection
	GlobalSection(ProjectConfigurationPlatforms) = postSolution
		{E9D4DB15-62A4-40EC-9C5D-DC59E0E422BC}.Debug|Any CPU.ActiveCfg = Debug|Any CPU
		{E9D4DB15-62A4-40EC-9C5D-DC59E0E422BC}.Debug|Any CPU.Build.0 = Debug|Any CPU
		{E9D4DB15-62A4-40EC-9C5D-DC59E0E422BC}.Release|Any CPU.ActiveCfg = Release|Any CPU
		{E9D4DB15-62A4-40EC-9C5D-DC59E0E422BC}.Release|Any CPU.Build.0 = Release|Any CPU
		{15552458-9BF4-4D5F-8EEA-20F6A3AB3AB4}.Debug|Any CPU.ActiveCfg = Debug
		{15552458-9BF4-4D5F-8EEA-20F6A3AB3AB4}.Release|Any CPU.ActiveCfg = Release
	EndGlobalSection
	GlobalSection(SolutionProperties) = preSolution
		HideSolutionNode = FALSE
	EndGlobalSection
EndGlobal
